<?xml version="1.0" encoding="utf-8"?>
<Project ToolsVersion="4.0" xmlns="http://schemas.microsoft.com/developer/msbuild/2003">
  <ItemGroup>
    <Filter Include="source">
      <UniqueIdentifier>{8f2d4475-73f9-44c7-8768-5cd5b3509549}</UniqueIdentifier>
      <Extensions>cpp;c;cxx;def;odl;idl;hpj;bat;asm</Extensions>
    </Filter>
    <Filter Include="include">
      <UniqueIdentifier>{a756b745-f363-4c8f-ae2f-57f6a3f8928e}</UniqueIdentifier>
      <Extensions>h;hpp;hxx;hm;inl;inc</Extensions>
    </Filter>
    <Filter Include="resource">
      <UniqueIdentifier>{59293631-8f83-4788-9a94-4aac4db3ff0c}</UniqueIdentifier>
      <Extensions>rc;ico;cur;bmp;dlg;rc2;rct;bin;rgs;jpg;jpeg;jpe;png;manifest</Extensions>
    </Filter>
  </ItemGroup>
  <ItemGroup>
    <Image Include="res\snake.ico">
      <Filter>resource</Filter>
    </Image>
    <Image Include="..\Resources\CloseSelected.png">
      <Filter>resource</Filter>
    </Image>
    <Image Include="..\Resources\CloseNormal.png">
      <Filter>resource</Filter>
    </Image>
  </ItemGroup>
  <ItemGroup>
    <ResourceCompile Include="snake.rc">
      <Filter>resource</Filter>
    </ResourceCompile>
  </ItemGroup>
  <ItemGroup>
    <ClInclude Include="resource.h">
      <Filter>include</Filter>
    </ClInclude>
    <ClInclude Include="main.h">
      <Filter>include</Filter>
    </ClInclude>
    <ClInclude Include="..\Classes\AppDelegate.h">
      <Filter>include</Filter>
    </ClInclude>
    <ClInclude Include="..\Classes\PlayScene.h">
      <Filter>include</Filter>
    </ClInclude>
    <ClInclude Include="..\Classes\snakes\Map.h">
      <Filter>include</Filter>
    </ClInclude>
    <ClInclude Include="..\Classes\Mediator.h">
      <Filter>include</Filter>
    </ClInclude>
    <ClInclude Include="..\Classes\snakes\SnakeNode.h">
      <Filter>include</Filter>
    </ClInclude>
    <ClInclude Include="..\Classes\snakes\Snake.h">
      <Filter>include</Filter>
    </ClInclude>
    <ClInclude Include="..\Classes\snakes\config.h">
      <Filter>include</Filter>
    </ClInclude>
    <ClInclude Include="..\Classes\snakes\DIR.h">
      <Filter>include</Filter>
    </ClInclude>
    <ClInclude Include="..\Classes\snakes\Food.h">
      <Filter>include</Filter>
    </ClInclude>
    <ClInclude Include="..\Classes\snakes\FoodFactory.h">
      <Filter>include</Filter>
    </ClInclude>
  </ItemGroup>
  <ItemGroup>
    <ClCompile Include="main.cpp">
      <Filter>source</Filter>
    </ClCompile>
    <ClCompile Include="..\Classes\AppDelegate.cpp">
      <Filter>source</Filter>
    </ClCompile>
    <ClCompile Include="..\Classes\PlayScene.cpp">
      <Filter>source</Filter>
    </ClCompile>
    <ClCompile Include="..\Classes\snakes\Map.cpp">
      <Filter>source</Filter>
    </ClCompile>
    <ClCompile Include="..\Classes\Mediator.cpp">
      <Filter>source</Filter>
    </ClCompile>
    <ClCompile Include="..\Classes\snakes\SnakeNode.cpp">
      <Filter>source</Filter>
    </ClCompile>
    <ClCompile Include="..\Classes\snakes\Snake.cpp">
      <Filter>source</Filter>
    </ClCompile>
    <ClCompile Include="..\Classes\snakes\Food.cpp">
      <Filter>source</Filter>
    </ClCompile>
    <ClCompile Include="..\Classes\snakes\FoodFactory.cpp">
      <Filter>source</Filter>
    </ClCompile>
  </ItemGroup>
</Project>